// !$*UTF8*$!
{
	archiveVersion = 1;
	classes = {
	};
	objectVersion = 55;
	objects = {

/* Begin PBXBuildFile section */
		DE69474B278B5C10002FCFA8 /* Quick_Task_ListApp.swift in Sources */ = {isa = PBXBuildFile; fileRef = DE69474A278B5C10002FCFA8 /* Quick_Task_ListApp.swift */; };
		DE69474D278B5C10002FCFA8 /* ContentView.swift in Sources */ = {isa = PBXBuildFile; fileRef = DE69474C278B5C10002FCFA8 /* ContentView.swift */; };
		DE69474F278B5C13002FCFA8 /* Assets.xcassets in Resources */ = {isa = PBXBuildFile; fileRef = DE69474E278B5C13002FCFA8 /* Assets.xcassets */; };
		DE694752278B5C13002FCFA8 /* Preview Assets.xcassets in Resources */ = {isa = PBXBuildFile; fileRef = DE694751278B5C13002FCFA8 /* Preview Assets.xcassets */; };
		DE694754278B5C13002FCFA8 /* Persistence.swift in Sources */ = {isa = PBXBuildFile; fileRef = DE694753278B5C13002FCFA8 /* Persistence.swift */; };
		DE694757278B5C13002FCFA8 /* Quick_Task_List.xcdatamodeld in Sources */ = {isa = PBXBuildFile; fileRef = DE694755278B5C13002FCFA8 /* Quick_Task_List.xcdatamodeld */; };
		DE69475E278B8D73002FCFA8 /* QuickTaskListView.swift in Sources */ = {isa = PBXBuildFile; fileRef = DE69475D278B8D73002FCFA8 /* QuickTaskListView.swift */; };
		DE694760278B8FB5002FCFA8 /* AddTaskView.swift in Sources */ = {isa = PBXBuildFile; fileRef = DE69475F278B8FB5002FCFA8 /* AddTaskView.swift */; };
		DE694762278BAD65002FCFA8 /* DetailedTaskView.swift in Sources */ = {isa = PBXBuildFile; fileRef = DE694761278BAD65002FCFA8 /* DetailedTaskView.swift */; };
/* End PBXBuildFile section */

/* Begin PBXFileReference section */
		DE694747278B5C10002FCFA8 /* Quick Task List.app */ = {isa = PBXFileReference; explicitFileType = wrapper.application; includeInIndex = 0; path = "Quick Task List.app"; sourceTree = BUILT_PRODUCTS_DIR; };
		DE69474A278B5C10002FCFA8 /* Quick_Task_ListApp.swift */ = {isa = PBXFileReference; lastKnownFileType = sourcecode.swift; path = Quick_Task_ListApp.swift; sourceTree = "<group>"; };
		DE69474C278B5C10002FCFA8 /* ContentView.swift */ = {isa = PBXFileReference; lastKnownFileType = sourcecode.swift; path = ContentView.swift; sourceTree = "<group>"; };
		DE69474E278B5C13002FCFA8 /* Assets.xcassets */ = {isa = PBXFileReference; lastKnownFileType = folder.assetcatalog; path = Assets.xcassets; sourceTree = "<group>"; };
		DE694751278B5C13002FCFA8 /* Preview Assets.xcassets */ = {isa = PBXFileReference; lastKnownFileType = folder.assetcatalog; path = "Preview Assets.xcassets"; sourceTree = "<group>"; };
		DE694753278B5C13002FCFA8 /* Persistence.swift */ = {isa = PBXFileReference; lastKnownFileType = sourcecode.swift; path = Persistence.swift; sourceTree = "<group>"; };
		DE694756278B5C13002FCFA8 /* Quick_Task_List.xcdatamodel */ = {isa = PBXFileReference; lastKnownFileType = wrapper.xcdatamodel; path = Quick_Task_List.xcdatamodel; sourceTree = "<group>"; };
		DE69475D278B8D73002FCFA8 /* QuickTaskListView.swift */ = {isa = PBXFileReference; lastKnownFileType = sourcecode.swift; path = QuickTaskListView.swift; sourceTree = "<group>"; };
		DE69475F278B8FB5002FCFA8 /* AddTaskView.swift */ = {isa = PBXFileReference; lastKnownFileType = sourcecode.swift; path = AddTaskView.swift; sourceTree = "<group>"; };
		DE694761278BAD65002FCFA8 /* DetailedTaskView.swift */ = {isa = PBXFileReference; lastKnownFileType = sourcecode.swift; path = DetailedTaskView.swift; sourceTree = "<group>"; };
/* End PBXFileReference section */

/* Begin PBXFrameworksBuildPhase section */
		DE694744278B5C10002FCFA8 /* Frameworks */ = {
			isa = PBXFrameworksBuildPhase;
			buildActionMask = 2147483647;
			files = (
			);
			runOnlyForDeploymentPostprocessing = 0;
		};
/* End PBXFrameworksBuildPhase section */

/* Begin PBXGroup section */
		DE69473E278B5C10002FCFA8 = {
			isa = PBXGroup;
			children = (
				DE694749278B5C10002FCFA8 /* Quick Task List */,
				DE694748278B5C10002FCFA8 /* Products */,
			);
			sourceTree = "<group>";
		};
		DE694748278B5C10002FCFA8 /* Products */ = {
			isa = PBXGroup;
			children = (
				DE694747278B5C10002FCFA8 /* Quick Task List.app */,
			);
			name = Products;
			sourceTree = "<group>";
		};
		DE694749278B5C10002FCFA8 /* Quick Task List */ = {
			isa = PBXGroup;
			children = (
				DE69474A278B5C10002FCFA8 /* Quick_Task_ListApp.swift */,
				DE69474C278B5C10002FCFA8 /* ContentView.swift */,
				DE69475D278B8D73002FCFA8 /* QuickTaskListView.swift */,
				DE694761278BAD65002FCFA8 /* DetailedTaskView.swift */,
				DE69475F278B8FB5002FCFA8 /* AddTaskView.swift */,
				DE69474E278B5C13002FCFA8 /* Assets.xcassets */,
				DE694753278B5C13002FCFA8 /* Persistence.swift */,
				DE694755278B5C13002FCFA8 /* Quick_Task_List.xcdatamodeld */,
				DE694750278B5C13002FCFA8 /* Preview Content */,
			);
			path = "Quick Task List";
			sourceTree = "<group>";
		};
		DE694750278B5C13002FCFA8 /* Preview Content */ = {
			isa = PBXGroup;
			children = (
				DE694751278B5C13002FCFA8 /* Preview Assets.xcassets */,
			);
			path = "Preview Content";
			sourceTree = "<group>";
		};
/* End PBXGroup section */

/* Begin PBXNativeTarget section */
		DE694746278B5C10002FCFA8 /* Quick Task List */ = {
			isa = PBXNativeTarget;
			buildConfigurationList = DE69475A278B5C13002FCFA8 /* Build configuration list for PBXNativeTarget "Quick Task List" */;
			buildPhases = (
				DE694743278B5C10002FCFA8 /* Sources */,
				DE694744278B5C10002FCFA8 /* Frameworks */,
				DE694745278B5C10002FCFA8 /* Resources */,
			);
			buildRules = (
			);
			dependencies = (
			);
			name = "Quick Task List";
			productName = "Quick Task List";
			productReference = DE694747278B5C10002FCFA8 /* Quick Task List.app */;
			productType = "com.apple.product-type.application";
		};
/* End PBXNativeTarget section */

/* Begin PBXProject section */
		DE69473F278B5C10002FCFA8 /* Project object */ = {
			isa = PBXProject;
			attributes = {
				BuildIndependentTargetsInParallel = 1;
				LastSwiftUpdateCheck = 1320;
				LastUpgradeCheck = 1320;
				TargetAttributes = {
					DE694746278B5C10002FCFA8 = {
						CreatedOnToolsVersion = 13.2.1;
					};
				};
			};
			buildConfigurationList = DE694742278B5C10002FCFA8 /* Build configuration list for PBXProject "Quick Task List" */;
			compatibilityVersion = "Xcode 13.0";
			developmentRegion = en;
			hasScannedForEncodings = 0;
			knownRegions = (
				en,
				Base,
			);
			mainGroup = DE69473E278B5C10002FCFA8;
			productRefGroup = DE694748278B5C10002FCFA8 /* Products */;
			projectDirPath = "";
			projectRoot = "";
			targets = (
				DE694746278B5C10002FCFA8 /* Quick Task List */,
			);
		};
/* End PBXProject section */

/* Begin PBXResourcesBuildPhase section */
		DE694745278B5C10002FCFA8 /* Resources */ = {
			isa = PBXResourcesBuildPhase;
			buildActionMask = 2147483647;
			files = (
				DE694752278B5C13002FCFA8 /* Preview Assets.xcassets in Resources */,
				DE69474F278B5C13002FCFA8 /* Assets.xcassets in Resources */,
			);
			runOnlyForDeploymentPostprocessing = 0;
		};
/* End PBXResourcesBuildPhase section */

/* Begin PBXSourcesBuildPhase section */
		DE694743278B5C10002FCFA8 /* Sources */ = {
			isa = PBXSourcesBuildPhase;
			buildActionMask = 2147483647;
			files = (
				DE694754278B5C13002FCFA8 /* Persistence.swift in Sources */,
				DE69474D278B5C10002FCFA8 /* ContentView.swift in Sources */,
				DE694757278B5C13002FCFA8 /* Quick_Task_List.xcdatamodeld in Sources */,
				DE694762278BAD65002FCFA8 /* DetailedTaskView.swift in Sources */,
				DE694760278B8FB5002FCFA8 /* AddTaskView.swift in Sources */,
				DE69475E278B8D73002FCFA8 /* QuickTaskListView.swift in Sources */,
				DE69474B278B5C10002FCFA8 /* Quick_Task_ListApp.swift in Sources */,
			);
			runOnlyForDeploymentPostprocessing = 0;
		};
/* End PBXSourcesBuildPhase section */

/* Begin XCBuildConfiguration section */
		DE694758278B5C13002FCFA8 /* Debug */ = {
			isa = XCBuildConfiguration;
			buildSettings = {
				ALWAYS_SEARCH_USER_PATHS = NO;
				CLANG_ANALYZER_NONNULL = YES;
				CLANG_ANALYZER_NUMBER_OBJECT_CONVERSION = YES_AGGRESSIVE;
				CLANG_CXX_LANGUAGE_STANDARD = "gnu++17";
				CLANG_CXX_LIBRARY = "libc++";
				CLANG_ENABLE_MODULES = YES;
				CLANG_ENABLE_OBJC_ARC = YES;
				CLANG_ENABLE_OBJC_WEAK = YES;
				CLANG_WARN_BLOCK_CAPTURE_AUTORELEASING = YES;
				CLANG_WARN_BOOL_CONVERSION = YES;
				CLANG_WARN_COMMA = YES;
				CLANG_WARN_CONSTANT_CONVERSION = YES;
				CLANG_WARN_DEPRECATED_OBJC_IMPLEMENTATIONS = YES;
				CLANG_WARN_DIRECT_OBJC_ISA_USAGE = YES_ERROR;
				CLANG_WARN_DOCUMENTATION_COMMENTS = YES;
				CLANG_WARN_EMPTY_BODY = YES;
				CLANG_WARN_ENUM_CONVERSION = YES;
				CLANG_WARN_INFINITE_RECURSION = YES;
				CLANG_WARN_INT_CONVERSION = YES;
				CLANG_WARN_NON_LITERAL_NULL_CONVERSION = YES;
				CLANG_WARN_OBJC_IMPLICIT_RETAIN_SELF = YES;
				CLANG_WARN_OBJC_LITERAL_CONVERSION = YES;
				CLANG_WARN_OBJC_ROOT_CLASS = YES_ERROR;
				CLANG_WARN_QUOTED_INCLUDE_IN_FRAMEWORK_HEADER = YES;
				CLANG_WARN_RANGE_LOOP_ANALYSIS = YES;
				CLANG_WARN_STRICT_PROTOTYPES = YES;
				CLANG_WARN_SUSPICIOUS_MOVE = YES;
				CLANG_WARN_UNGUARDED_AVAILABILITY = YES_AGGRESSIVE;
				CLANG_WARN_UNREACHABLE_CODE = YES;
				CLANG_WARN__DUPLICATE_METHOD_MATCH = YES;
				COPY_PHASE_STRIP = NO;
				DEBUG_INFORMATION_FORMAT = dwarf;
				ENABLE_STRICT_OBJC_MSGSEND = YES;
				ENABLE_TESTABILITY = YES;
				GCC_C_LANGUAGE_STANDARD = gnu11;
				GCC_DYNAMIC_NO_PIC = NO;
				GCC_NO_COMMON_BLOCKS = YES;
				GCC_OPTIMIZATION_LEVEL = 0;
				GCC_PREPROCESSOR_DEFINITIONS = (
					"DEBUG=1",
					"$(inherited)",
				);
				GCC_WARN_64_TO_32_BIT_CONVERSION = YES;
				GCC_WARN_ABOUT_RETURN_TYPE = YES_ERROR;
				GCC_WARN_UNDECLARED_SELECTOR = YES;
				GCC_WARN_UNINITIALIZED_AUTOS = YES_AGGRESSIVE;
				GCC_WARN_UNUSED_FUNCTION = YES;
				GCC_WARN_UNUSED_VARIABLE = YES;
				IPHONEOS_DEPLOYMENT_TARGET = 15.0;
				MTL_ENABLE_DEBUG_INFO = INCLUDE_SOURCE;
				MTL_FAST_MATH = YES;
				ONLY_ACTIVE_ARCH = YES;
				SDKROOT = iphoneos;
				SWIFT_ACTIVE_COMPILATION_CONDITIONS = DEBUG;
				SWIFT_OPTIMIZATION_LEVEL = "-Onone";
			};
			name = Debug;
		};
		DE694759278B5C13002FCFA8 /* Release */ = {
			isa = XCBuildConfiguration;
			buildSettings = {
				ALWAYS_SEARCH_USER_PATHS = NO;
				CLANG_ANALYZER_NONNULL = YES;
				CLANG_ANALYZER_NUMBER_OBJECT_CONVERSION = YES_AGGRESSIVE;
				CLANG_CXX_LANGUAGE_STANDARD = "gnu++17";
				CLANG_CXX_LIBRARY = "libc++";
				CLANG_ENABLE_MODULES = YES;
				CLANG_ENABLE_OBJC_ARC = YES;
				CLANG_ENABLE_OBJC_WEAK = YES;
				CLANG_WARN_BLOCK_CAPTURE_AUTORELEASING = YES;
				CLANG_WARN_BOOL_CONVERSION = YES;
				CLANG_WARN_COMMA = YES;
				CLANG_WARN_CONSTANT_CONVERSION = YES;
				CLANG_WARN_DEPRECATED_OBJC_IMPLEMENTATIONS = YES;
				CLANG_WARN_DIRECT_OBJC_ISA_USAGE = YES_ERROR;
				CLANG_WARN_DOCUMENTATION_COMMENTS = YES;
				CLANG_WARN_EMPTY_BODY = YES;
				CLANG_WARN_ENUM_CONVERSION = YES;
				CLANG_WARN_INFINITE_RECURSION = YES;
				CLANG_WARN_INT_CONVERSION = YES;
				CLANG_WARN_NON_LITERAL_NULL_CONVERSION = YES;
				CLANG_WARN_OBJC_IMPLICIT_RETAIN_SELF = YES;
				CLANG_WARN_OBJC_LITERAL_CONVERSION = YES;
				CLANG_WARN_OBJC_ROOT_CLASS = YES_ERROR;
				CLANG_WARN_QUOTED_INCLUDE_IN_FRAMEWORK_HEADER = YES;
				CLANG_WARN_RANGE_LOOP_ANALYSIS = YES;
				CLANG_WARN_STRICT_PROTOTYPES = YES;
				CLANG_WARN_SUSPICIOUS_MOVE = YES;
				CLANG_WARN_UNGUARDED_AVAILABILITY = YES_AGGRESSIVE;
				CLANG_WARN_UNREACHABLE_CODE = YES;
				CLANG_WARN__DUPLICATE_METHOD_MATCH = YES;
				COPY_PHASE_STRIP = NO;
				DEBUG_INFORMATION_FORMAT = "dwarf-with-dsym";
				ENABLE_NS_ASSERTIONS = NO;
				ENABLE_STRICT_OBJC_MSGSEND = YES;
				GCC_C_LANGUAGE_STANDARD = gnu11;
				GCC_NO_COMMON_BLOCKS = YES;
				GCC_WARN_64_TO_32_BIT_CONVERSION = YES;
				GCC_WARN_ABOUT_RETURN_TYPE = YES_ERROR;
				GCC_WARN_UNDECLARED_SELECTOR = YES;
				GCC_WARN_UNINITIALIZED_AUTOS = YES_AGGRESSIVE;
				GCC_WARN_UNUSED_FUNCTION = YES;
				GCC_WARN_UNUSED_VARIABLE = YES;
				IPHONEOS_DEPLOYMENT_TARGET = 15.0;
				MTL_ENABLE_DEBUG_INFO = NO;
				MTL_FAST_MATH = YES;
				SDKROOT = iphoneos;
				SWIFT_COMPILATION_MODE = wholemodule;
				SWIFT_OPTIMIZATION_LEVEL = "-O";
				VALIDATE_PRODUCT = YES;
			};
			name = Release;
		};
		DE69475B278B5C13002FCFA8 /* Debug */ = {
			isa = XCBuildConfiguration;
			buildSettings = {
				ASSETCATALOG_COMPILER_APPICON_NAME = AppIcon;
				ASSETCATALOG_COMPILER_GLOBAL_ACCENT_COLOR_NAME = AccentColor;
				CODE_SIGN_STYLE = Automatic;
				CURRENT_PROJECT_VERSION = 1;
				DEVELOPMENT_ASSET_PATHS = "\"Quick Task List/Preview Content\"";
				DEVELOPMENT_TEAM = 5UXWG8JHUY;
				ENABLE_PREVIEWS = YES;
				GENERATE_INFOPLIST_FILE = YES;
				INFOPLIST_KEY_UIApplicationSceneManifest_Generation = YES;
				INFOPLIST_KEY_UIApplicationSupportsIndirectInputEvents = YES;
				INFOPLIST_KEY_UILaunchScreen_Generation = YES;
				INFOPLIST_KEY_UISupportedInterfaceOrientations_iPad = "UIInterfaceOrientationPortrait UIInterfaceOrientationPortraitUpsideDown UIInterfaceOrientationLandscapeLeft UIInterfaceOrientationLandscapeRight";
				INFOPLIST_KEY_UISupportedInterfaceOrientations_iPhone = "UIInterfaceOrientationPortrait UIInterfaceOrientationLandscapeLeft UIInterfaceOrientationLandscapeRight";
				LD_RUNPATH_SEARCH_PATHS = (
					"$(inherited)",
					"@executable_path/Frameworks",
				);
				MARKETING_VERSION = 1.0;
				PRODUCT_BUNDLE_IDENTIFIER = "com.MidnightMachine.Quick-Task-List";
				PRODUCT_NAME = "$(TARGET_NAME)";
				SWIFT_EMIT_LOC_STRINGS = YES;
				SWIFT_VERSION = 5.0;
				TARGETED_DEVICE_FAMILY = "1,2";
			};
			name = Debug;
		};
		DE69475C278B5C13002FCFA8 /* Release */ = {
			isa = XCBuildConfiguration;
			buildSettings = {
				ASSETCATALOG_COMPILER_APPICON_NAME = AppIcon;
				ASSETCATALOG_COMPILER_GLOBAL_ACCENT_COLOR_NAME = AccentColor;
				CODE_SIGN_STYLE = Automatic;
				CURRENT_PROJECT_VERSION = 1;
				DEVELOPMENT_ASSET_PATHS = "\"Quick Task List/Preview Content\"";
				DEVELOPMENT_TEAM = 5UXWG8JHUY;
				ENABLE_PREVIEWS = YES;
				GENERATE_INFOPLIST_FILE = YES;
				INFOPLIST_KEY_UIApplicationSceneManifest_Generation = YES;
				INFOPLIST_KEY_UIApplicationSupportsIndirectInputEvents = YES;
				INFOPLIST_KEY_UILaunchScreen_Generation = YES;
				INFOPLIST_KEY_UISupportedInterfaceOrientations_iPad = "UIInterfaceOrientationPortrait UIInterfaceOrientationPortraitUpsideDown UIInterfaceOrientationLandscapeLeft UIInterfaceOrientationLandscapeRight";
				INFOPLIST_KEY_UISupportedInterfaceOrientations_iPhone = "UIInterfaceOrientationPortrait UIInterfaceOrientationLandscapeLeft UIInterfaceOrientationLandscapeRight";
				LD_RUNPATH_SEARCH_PATHS = (
					"$(inherited)",
					"@executable_path/Frameworks",
				);
				MARKETING_VERSION = 1.0;
				PRODUCT_BUNDLE_IDENTIFIER = "com.MidnightMachine.Quick-Task-List";
				PRODUCT_NAME = "$(TARGET_NAME)";
				SWIFT_EMIT_LOC_STRINGS = YES;
				SWIFT_VERSION = 5.0;
				TARGETED_DEVICE_FAMILY = "1,2";
			};
			name = Release;
		};
/* End XCBuildConfiguration section */

/* Begin XCConfigurationList section */
		DE694742278B5C10002FCFA8 /* Build configuration list for PBXProject "Quick Task List" */ = {
			isa = XCConfigurationList;
			buildConfigurations = (
				DE694758278B5C13002FCFA8 /* Debug */,
				DE694759278B5C13002FCFA8 /* Release */,
			);
			defaultConfigurationIsVisible = 0;
			defaultConfigurationName = Release;
		};
		DE69475A278B5C13002FCFA8 /* Build configuration list for PBXNativeTarget "Quick Task List" */ = {
			isa = XCConfigurationList;
			buildConfigurations = (
				DE69475B278B5C13002FCFA8 /* Debug */,
				DE69475C278B5C13002FCFA8 /* Release */,
			);
			defaultConfigurationIsVisible = 0;
			defaultConfigurationName = Release;
		};
/* End XCConfigurationList section */

/* Begin XCVersionGroup section */
		DE694755278B5C13002FCFA8 /* Quick_Task_List.xcdatamodeld */ = {
			isa = XCVersionGroup;
			children = (
				DE694756278B5C13002FCFA8 /* Quick_Task_List.xcdatamodel */,
			);
			currentVersion = DE694756278B5C13002FCFA8 /* Quick_Task_List.xcdatamodel */;
			path = Quick_Task_List.xcdatamodeld;
			sourceTree = "<group>";
			versionGroupType = wrapper.xcdatamodel;
		};
/* End XCVersionGroup section */
	};
	rootObject = DE69473F278B5C10002FCFA8 /* Project object */;
}
